
Microsoft Visual Studio Solution File, Format Version 12.00
# Visual Studio Version 16
VisualStudioVersion = 16.0.29613.14
MinimumVisualStudioVersion = 10.0.40219.1
Project("{FAE04EC0-301F-11D3-BF4B-00C04F79EFBC}") = "TestingAPI", "TestingAPI\TestingAPI.csproj", "{49D51872-4EDD-4B70-B827-9DDD12676EF3}"
EndProject
Global
	GlobalSection(SolutionConfigurationPlatforms) = preSolution
		Debug|Any CPU = Debug|Any CPU
		Release|Any CPU = Release|Any CPU
	EndGlobalSection
	GlobalSection(ProjectConfigurationPlatforms) = postSolution
		{49D51872-4EDD-4B70-B827-9DDD12676EF3}.Debug|Any CPU.ActiveCfg = Debug|Any CPU
		{49D51872-4EDD-4B70-B827-9DDD12676EF3}.Debug|Any CPU.Build.0 = Debug|Any CPU
		{49D51872-4EDD-4B70-B827-9DDD12676EF3}.Release|Any CPU.ActiveCfg = Release|Any CPU
		{49D51872-4EDD-4B70-B827-9DDD12676EF3}.Release|Any CPU.Build.0 = Release|Any CPU
	EndGlobalSection
	GlobalSection(SolutionProperties) = preSolution
		HideSolutionNode = FALSE
	EndGlobalSection
	GlobalSection(ExtensibilityGlobals) = postSolution
		SolutionGuid = {3FD680F8-D7E0-474C-B068-6431B4CBE6AE}
	EndGlobalSection
EndGlobal
